
Microsoft Visual Studio Solution File, Format Version 12.00
# Visual Studio Version 16
VisualStudioVersion = 16.0.34031.81
MinimumVisualStudioVersion = 10.0.40219.1
Project("{FAE04EC0-301F-11D3-BF4B-00C04F79EFBC}") = "dotnet-pdf-report-from-database", "dotnet-pdf-report-from-database.csproj", "{A6F42FC3-48FB-49F6-8A4A-AAA4E29688B5}"
EndProject
Project("{9A19103F-16F7-4668-BE54-9A1E7A4F7556}") = "Blog2023Example", "Blog2023Example\Blog2023Example.csproj", "{D162AE4A-F572-4146-8AA2-93213A0864B3}"
EndProject
Global
	GlobalSection(SolutionConfigurationPlatforms) = preSolution
		Debug|Any CPU = Debug|Any CPU
		Release|Any CPU = Release|Any CPU
	EndGlobalSection
	GlobalSection(ProjectConfigurationPlatforms) = postSolution
		{A6F42FC3-48FB-49F6-8A4A-AAA4E29688B5}.Debug|Any CPU.ActiveCfg = Debug|Any CPU
		{A6F42FC3-48FB-49F6-8A4A-AAA4E29688B5}.Debug|Any CPU.Build.0 = Debug|Any CPU
		{A6F42FC3-48FB-49F6-8A4A-AAA4E29688B5}.Release|Any CPU.ActiveCfg = Release|Any CPU
		{D162AE4A-F572-4146-8AA2-93213A0864B3}.Debug|Any CPU.ActiveCfg = Debug|Any CPU
		{D162AE4A-F572-4146-8AA2-93213A0864B3}.Debug|Any CPU.Build.0 = Debug|Any CPU
		{D162AE4A-F572-4146-8AA2-93213A0864B3}.Release|Any CPU.ActiveCfg = Release|Any CPU
		{D162AE4A-F572-4146-8AA2-93213A0864B3}.Release|Any CPU.Build.0 = Release|Any CPU
	EndGlobalSection
	GlobalSection(SolutionProperties) = preSolution
		HideSolutionNode = FALSE
	EndGlobalSection
	GlobalSection(ExtensibilityGlobals) = postSolution
		SolutionGuid = {EEF60B8C-BA3D-4EB3-8863-BF543BB3BE52}
	EndGlobalSection
EndGlobal
